
Microsoft Visual Studio Solution File, Format Version 12.00
# Visual Studio 14
VisualStudioVersion = 14.0.25420.1
MinimumVisualStudioVersion = 10.0.40219.1
Project("{FAE04EC0-301F-11D3-BF4B-00C04F79EFBC}") = "GetAvailableCampsites", "GetAvailableCampsites\GetAvailableCampsites.csproj", "{E6EE8CC9-DC3B-42C1-AC70-E26C9ED2FE70}"
EndProject
Project("{FAE04EC0-301F-11D3-BF4B-00C04F79EFBC}") = "GetAvailableCampsites.Test", "GetAvailableCampsites.Test\GetAvailableCampsites.Test.csproj", "{F315804C-A9D9-45B3-BB5B-FD7E9C67833A}"
EndProject
Global
	GlobalSection(SolutionConfigurationPlatforms) = preSolution
		Debug|Any CPU = Debug|Any CPU
		Release|Any CPU = Release|Any CPU
	EndGlobalSection
	GlobalSection(ProjectConfigurationPlatforms) = postSolution
		{E6EE8CC9-DC3B-42C1-AC70-E26C9ED2FE70}.Debug|Any CPU.ActiveCfg = Debug|Any CPU
		{E6EE8CC9-DC3B-42C1-AC70-E26C9ED2FE70}.Debug|Any CPU.Build.0 = Debug|Any CPU
		{E6EE8CC9-DC3B-42C1-AC70-E26C9ED2FE70}.Release|Any CPU.ActiveCfg = Release|Any CPU
		{E6EE8CC9-DC3B-42C1-AC70-E26C9ED2FE70}.Release|Any CPU.Build.0 = Release|Any CPU
		{F315804C-A9D9-45B3-BB5B-FD7E9C67833A}.Debug|Any CPU.ActiveCfg = Debug|Any CPU
		{F315804C-A9D9-45B3-BB5B-FD7E9C67833A}.Debug|Any CPU.Build.0 = Debug|Any CPU
		{F315804C-A9D9-45B3-BB5B-FD7E9C67833A}.Release|Any CPU.ActiveCfg = Release|Any CPU
		{F315804C-A9D9-45B3-BB5B-FD7E9C67833A}.Release|Any CPU.Build.0 = Release|Any CPU
	EndGlobalSection
	GlobalSection(SolutionProperties) = preSolution
		HideSolutionNode = FALSE
	EndGlobalSection
EndGlobal
